
Microsoft Visual Studio Solution File, Format Version 12.00
# Visual Studio 15
VisualStudioVersion = 15.0.27004.2005
MinimumVisualStudioVersion = 10.0.40219.1
Project("{8BC9CEB8-8B4A-11D0-8D11-00A0C91BC942}") = "DirectInput", "input\DirectInput.vcxproj", "{B31EFA24-913C-4B5C-AD21-2296226E1347}"
EndProject
Project("{8BC9CEB8-8B4A-11D0-8D11-00A0C91BC942}") = "Test", "test\Test.vcxproj", "{7166311D-E55F-48DA-9406-9CEB64FCA275}"
	ProjectSection(ProjectDependencies) = postProject
		{B31EFA24-913C-4B5C-AD21-2296226E1347} = {B31EFA24-913C-4B5C-AD21-2296226E1347}
		{19823387-A221-4E2F-929F-DF5C33983B9A} = {19823387-A221-4E2F-929F-DF5C33983B9A}
	EndProjectSection
EndProject
Project("{8BC9CEB8-8B4A-11D0-8D11-00A0C91BC942}") = "CoreRendererDX9", "CoreRendererDX9\CoreRendererDX9.vcxproj", "{19823387-A221-4E2F-929F-DF5C33983B9A}"
EndProject
Project("{8BC9CEB8-8B4A-11D0-8D11-00A0C91BC942}") = "CoreRendererDX11", "CoreRendererDX11\CoreRendererDX11.vcxproj", "{AD262CD6-1814-4E2A-B4DD-7F81EFA0DBDE}"
EndProject
Global
	GlobalSection(SolutionConfigurationPlatforms) = preSolution
		Debug|Win32 = Debug|Win32
		Debug|x64 = Debug|x64
		Release|Win32 = Release|Win32
		Release|x64 = Release|x64
	EndGlobalSection
	GlobalSection(ProjectConfigurationPlatforms) = postSolution
		{B31EFA24-913C-4B5C-AD21-2296226E1347}.Debug|Win32.ActiveCfg = Debug|Win32
		{B31EFA24-913C-4B5C-AD21-2296226E1347}.Debug|Win32.Build.0 = Debug|Win32
		{B31EFA24-913C-4B5C-AD21-2296226E1347}.Debug|x64.ActiveCfg = Debug|Win32
		{B31EFA24-913C-4B5C-AD21-2296226E1347}.Release|Win32.ActiveCfg = Release|Win32
		{B31EFA24-913C-4B5C-AD21-2296226E1347}.Release|Win32.Build.0 = Release|Win32
		{B31EFA24-913C-4B5C-AD21-2296226E1347}.Release|x64.ActiveCfg = Release|Win32
		{7166311D-E55F-48DA-9406-9CEB64FCA275}.Debug|Win32.ActiveCfg = Debug|Win32
		{7166311D-E55F-48DA-9406-9CEB64FCA275}.Debug|Win32.Build.0 = Debug|Win32
		{7166311D-E55F-48DA-9406-9CEB64FCA275}.Debug|x64.ActiveCfg = Debug|Win32
		{7166311D-E55F-48DA-9406-9CEB64FCA275}.Release|Win32.ActiveCfg = Release|Win32
		{7166311D-E55F-48DA-9406-9CEB64FCA275}.Release|Win32.Build.0 = Release|Win32
		{7166311D-E55F-48DA-9406-9CEB64FCA275}.Release|x64.ActiveCfg = Release|Win32
		{19823387-A221-4E2F-929F-DF5C33983B9A}.Debug|Win32.ActiveCfg = Debug|Win32
		{19823387-A221-4E2F-929F-DF5C33983B9A}.Debug|Win32.Build.0 = Debug|Win32
		{19823387-A221-4E2F-929F-DF5C33983B9A}.Debug|x64.ActiveCfg = Debug|Win32
		{19823387-A221-4E2F-929F-DF5C33983B9A}.Release|Win32.ActiveCfg = Release|Win32
		{19823387-A221-4E2F-929F-DF5C33983B9A}.Release|Win32.Build.0 = Release|Win32
		{19823387-A221-4E2F-929F-DF5C33983B9A}.Release|x64.ActiveCfg = Release|Win32
		{AD262CD6-1814-4E2A-B4DD-7F81EFA0DBDE}.Debug|Win32.ActiveCfg = Debug|Win32
		{AD262CD6-1814-4E2A-B4DD-7F81EFA0DBDE}.Debug|Win32.Build.0 = Debug|Win32
		{AD262CD6-1814-4E2A-B4DD-7F81EFA0DBDE}.Debug|x64.ActiveCfg = Debug|Win32
		{AD262CD6-1814-4E2A-B4DD-7F81EFA0DBDE}.Release|Win32.ActiveCfg = Release|Win32
		{AD262CD6-1814-4E2A-B4DD-7F81EFA0DBDE}.Release|Win32.Build.0 = Release|Win32
		{AD262CD6-1814-4E2A-B4DD-7F81EFA0DBDE}.Release|x64.ActiveCfg = Release|Win32
	EndGlobalSection
	GlobalSection(SolutionProperties) = preSolution
		HideSolutionNode = FALSE
	EndGlobalSection
	GlobalSection(ExtensibilityGlobals) = postSolution
		SolutionGuid = {9F0021E7-07D9-47C7-B01B-1634039D8432}
	EndGlobalSection
EndGlobal
