
Microsoft Visual Studio Solution File, Format Version 12.00
# Visual Studio 2013
VisualStudioVersion = 12.0.21005.1
MinimumVisualStudioVersion = 10.0.40219.1
Project("{8BC9CEB8-8B4A-11D0-8D11-00A0C91BC942}") = "render prototype", "render prototype.vcxproj", "{945F3662-4D45-43CE-9063-2E56ECB18CC1}"
EndProject
Project("{8BC9CEB8-8B4A-11D0-8D11-00A0C91BC942}") = "Effects11", "Effects11\Effects11_2013.vcxproj", "{DF460EAB-570D-4B50-9089-2E2FC801BF38}"
EndProject
Global
	GlobalSection(SolutionConfigurationPlatforms) = preSolution
		Debug|Win32 = Debug|Win32
		Debug|x64 = Debug|x64
		Profile|Win32 = Profile|Win32
		Profile|x64 = Profile|x64
		Release|Win32 = Release|Win32
		Release|x64 = Release|x64
	EndGlobalSection
	GlobalSection(ProjectConfigurationPlatforms) = postSolution
		{945F3662-4D45-43CE-9063-2E56ECB18CC1}.Debug|Win32.ActiveCfg = Debug|Win32
		{945F3662-4D45-43CE-9063-2E56ECB18CC1}.Debug|Win32.Build.0 = Debug|Win32
		{945F3662-4D45-43CE-9063-2E56ECB18CC1}.Debug|x64.ActiveCfg = Debug|x64
		{945F3662-4D45-43CE-9063-2E56ECB18CC1}.Debug|x64.Build.0 = Debug|x64
		{945F3662-4D45-43CE-9063-2E56ECB18CC1}.Profile|Win32.ActiveCfg = Release|Win32
		{945F3662-4D45-43CE-9063-2E56ECB18CC1}.Profile|Win32.Build.0 = Release|Win32
		{945F3662-4D45-43CE-9063-2E56ECB18CC1}.Profile|x64.ActiveCfg = Release|x64
		{945F3662-4D45-43CE-9063-2E56ECB18CC1}.Profile|x64.Build.0 = Release|x64
		{945F3662-4D45-43CE-9063-2E56ECB18CC1}.Release|Win32.ActiveCfg = Release|Win32
		{945F3662-4D45-43CE-9063-2E56ECB18CC1}.Release|Win32.Build.0 = Release|Win32
		{945F3662-4D45-43CE-9063-2E56ECB18CC1}.Release|x64.ActiveCfg = Release|x64
		{945F3662-4D45-43CE-9063-2E56ECB18CC1}.Release|x64.Build.0 = Release|x64
		{DF460EAB-570D-4B50-9089-2E2FC801BF38}.Debug|Win32.ActiveCfg = Debug|Win32
		{DF460EAB-570D-4B50-9089-2E2FC801BF38}.Debug|Win32.Build.0 = Debug|Win32
		{DF460EAB-570D-4B50-9089-2E2FC801BF38}.Debug|x64.ActiveCfg = Debug|x64
		{DF460EAB-570D-4B50-9089-2E2FC801BF38}.Debug|x64.Build.0 = Debug|x64
		{DF460EAB-570D-4B50-9089-2E2FC801BF38}.Profile|Win32.ActiveCfg = Profile|Win32
		{DF460EAB-570D-4B50-9089-2E2FC801BF38}.Profile|Win32.Build.0 = Profile|Win32
		{DF460EAB-570D-4B50-9089-2E2FC801BF38}.Profile|x64.ActiveCfg = Profile|x64
		{DF460EAB-570D-4B50-9089-2E2FC801BF38}.Profile|x64.Build.0 = Profile|x64
		{DF460EAB-570D-4B50-9089-2E2FC801BF38}.Release|Win32.ActiveCfg = Release|Win32
		{DF460EAB-570D-4B50-9089-2E2FC801BF38}.Release|Win32.Build.0 = Release|Win32
		{DF460EAB-570D-4B50-9089-2E2FC801BF38}.Release|x64.ActiveCfg = Release|x64
		{DF460EAB-570D-4B50-9089-2E2FC801BF38}.Release|x64.Build.0 = Release|x64
	EndGlobalSection
	GlobalSection(SolutionProperties) = preSolution
		HideSolutionNode = FALSE
	EndGlobalSection
EndGlobal
