<?xml version="1.0" encoding="utf-8"?>
<Project ToolsVersion="4.0" xmlns="http://schemas.microsoft.com/developer/msbuild/2003">
  <ItemGroup>
    <Filter Include="Source Files">
      <UniqueIdentifier>{4FC737F1-C7A5-4376-A066-2A32D752A2FF}</UniqueIdentifier>
      <Extensions>cpp;c;cc;cxx;def;odl;idl;hpj;bat;asm;asmx</Extensions>
    </Filter>
    <Filter Include="Header Files">
      <UniqueIdentifier>{93995380-89BD-4b04-88EB-625FBE52EBFB}</UniqueIdentifier>
      <Extensions>h;hpp;hxx;hm;inl;xsd</Extensions>
    </Filter>
    <Filter Include="Resource Files">
      <UniqueIdentifier>{67DA6AB6-F800-4c08-8B7A-83BB121AAD01}</UniqueIdentifier>
      <Extensions>rc;ico;cur;bmp;dlg;rc2;rct;bin;rgs;gif;jpg;jpeg;jpe;resx;tiff;tif;png;wav;mfcribbon-ms</Extensions>
    </Filter>
    <Filter Include="Include">
      <UniqueIdentifier>{91efd9a0-1e89-4237-a870-82ebf8ee853e}</UniqueIdentifier>
      <Extensions>hh;inc</Extensions>
    </Filter>
    <Filter Include="Shaders">
      <UniqueIdentifier>{b4c2406f-1710-486c-be78-d77f8ac0d88c}</UniqueIdentifier>
      <Extensions>hlsl;hlsli</Extensions>
    </Filter>
  </ItemGroup>
  <ItemGroup>
    <Text Include="ReadMe.txt" />
  </ItemGroup>
  <ItemGroup>
    <ClInclude Include="stdafx.h">
      <Filter>Header Files</Filter>
    </ClInclude>
    <ClInclude Include="targetver.h">
      <Filter>Header Files</Filter>
    </ClInclude>
    <ClInclude Include="include\render output.hh">
      <Filter>Include</Filter>
    </ClInclude>
    <ClInclude Include="d3dx12.h">
      <Filter>Header Files</Filter>
    </ClInclude>
    <ClInclude Include="HRESULT.h">
      <Filter>Header Files</Filter>
    </ClInclude>
    <ClInclude Include="include\world.hh">
      <Filter>Include</Filter>
    </ClInclude>
    <ClInclude Include="include\viewport.hh">
      <Filter>Include</Filter>
    </ClInclude>
    <ClInclude Include="include\instance.hh">
      <Filter>Include</Filter>
    </ClInclude>
    <ClInclude Include="include\terrain.hh">
      <Filter>Include</Filter>
    </ClInclude>
    <ClInclude Include="world hierarchy.h">
      <Filter>Header Files</Filter>
    </ClInclude>
    <ClInclude Include="AABB.h">
      <Filter>Header Files</Filter>
    </ClInclude>
    <ClInclude Include="frustum culling.h">
      <Filter>Header Files</Filter>
    </ClInclude>
    <ClInclude Include="occlusion tree.h">
      <Filter>Header Files</Filter>
    </ClInclude>
    <ClInclude Include="occlusion query shceduling.h">
      <Filter>Header Files</Filter>
    </ClInclude>
  </ItemGroup>
  <ItemGroup>
    <ClCompile Include="stdafx.cpp">
      <Filter>Source Files</Filter>
    </ClCompile>
    <ClCompile Include="main.cpp">
      <Filter>Source Files</Filter>
    </ClCompile>
    <ClCompile Include="render output.cpp">
      <Filter>Source Files</Filter>
    </ClCompile>
    <ClCompile Include="world.cpp">
      <Filter>Source Files</Filter>
    </ClCompile>
    <ClCompile Include="instance.cpp">
      <Filter>Source Files</Filter>
    </ClCompile>
    <ClCompile Include="viewport.cpp">
      <Filter>Source Files</Filter>
    </ClCompile>
    <ClCompile Include="terrain.cpp">
      <Filter>Source Files</Filter>
    </ClCompile>
    <ClCompile Include="frustum culling.cpp">
      <Filter>Source Files</Filter>
    </ClCompile>
    <ClCompile Include="occlusion tree.cpp">
      <Filter>Source Files</Filter>
    </ClCompile>
  </ItemGroup>
  <ItemGroup>
    <FxCompile Include="terrainBaseVS.hlsl">
      <Filter>Shaders</Filter>
    </FxCompile>
    <FxCompile Include="terrainBasePS.hlsl">
      <Filter>Shaders</Filter>
    </FxCompile>
    <FxCompile Include="vectorLayerVS.hlsl">
      <Filter>Shaders</Filter>
    </FxCompile>
    <FxCompile Include="vectorLayerPS.hlsl">
      <Filter>Shaders</Filter>
    </FxCompile>
  </ItemGroup>
  <ItemGroup>
    <None Include="world hierarchy.inl">
      <Filter>Header Files</Filter>
    </None>
    <None Include="AABB.inl">
      <Filter>Header Files</Filter>
    </None>
  </ItemGroup>
</Project>